
Microsoft Visual Studio Solution File, Format Version 12.00
# Visual Studio 15
VisualStudioVersion = 15.0.28010.2036
MinimumVisualStudioVersion = 10.0.40219.1
Project("{9A19103F-16F7-4668-BE54-9A1E7A4F7556}") = "CassandraKafkaDemo", "CassandraKafkaDemo\CassandraKafkaDemo.csproj", "{AA02B6C0-E668-4A7D-A8A2-C5EA59E939A1}"
EndProject
Project("{FAE04EC0-301F-11D3-BF4B-00C04F79EFBC}") = "KafkaInterface", "KafkaInterface\KafkaInterface.csproj", "{2C87A71C-1741-4C90-B1B9-299C076B6527}"
EndProject
Global
	GlobalSection(SolutionConfigurationPlatforms) = preSolution
		Debug|Any CPU = Debug|Any CPU
		Release|Any CPU = Release|Any CPU
	EndGlobalSection
	GlobalSection(ProjectConfigurationPlatforms) = postSolution
		{AA02B6C0-E668-4A7D-A8A2-C5EA59E939A1}.Debug|Any CPU.ActiveCfg = Debug|Any CPU
		{AA02B6C0-E668-4A7D-A8A2-C5EA59E939A1}.Debug|Any CPU.Build.0 = Debug|Any CPU
		{AA02B6C0-E668-4A7D-A8A2-C5EA59E939A1}.Release|Any CPU.ActiveCfg = Release|Any CPU
		{AA02B6C0-E668-4A7D-A8A2-C5EA59E939A1}.Release|Any CPU.Build.0 = Release|Any CPU
		{2C87A71C-1741-4C90-B1B9-299C076B6527}.Debug|Any CPU.ActiveCfg = Debug|Any CPU
		{2C87A71C-1741-4C90-B1B9-299C076B6527}.Debug|Any CPU.Build.0 = Debug|Any CPU
		{2C87A71C-1741-4C90-B1B9-299C076B6527}.Release|Any CPU.ActiveCfg = Release|Any CPU
		{2C87A71C-1741-4C90-B1B9-299C076B6527}.Release|Any CPU.Build.0 = Release|Any CPU
	EndGlobalSection
	GlobalSection(SolutionProperties) = preSolution
		HideSolutionNode = FALSE
	EndGlobalSection
	GlobalSection(ExtensibilityGlobals) = postSolution
		SolutionGuid = {C9EFDCDF-0E23-432F-925B-932288F5150B}
	EndGlobalSection
EndGlobal
